// !$*UTF8*$!
{
	archiveVersion = 1;
	classes = {
	};
	objectVersion = 50;
	objects = {

/* Begin PBXBuildFile section */
		0CF3F283228AF84900E1A634 /* DetailCity.storyboard in Resources */ = {isa = PBXBuildFile; fileRef = 0CF3F282228AF84900E1A634 /* DetailCity.storyboard */; };
		0CF3F285228AF88D00E1A634 /* DetailCityViewController.swift in Sources */ = {isa = PBXBuildFile; fileRef = 0CF3F284228AF88D00E1A634 /* DetailCityViewController.swift */; };
		0CF4F4EE228995580099C8E9 /* AppDelegate.swift in Sources */ = {isa = PBXBuildFile; fileRef = 0CF4F4ED228995580099C8E9 /* AppDelegate.swift */; };
		0CF4F4F0228995580099C8E9 /* ViewController.swift in Sources */ = {isa = PBXBuildFile; fileRef = 0CF4F4EF228995580099C8E9 /* ViewController.swift */; };
		0CF4F4F3228995580099C8E9 /* Main.storyboard in Resources */ = {isa = PBXBuildFile; fileRef = 0CF4F4F1228995580099C8E9 /* Main.storyboard */; };
		0CF4F4F5228995590099C8E9 /* Assets.xcassets in Resources */ = {isa = PBXBuildFile; fileRef = 0CF4F4F4228995590099C8E9 /* Assets.xcassets */; };
		0CF4F4F8228995590099C8E9 /* LaunchScreen.storyboard in Resources */ = {isa = PBXBuildFile; fileRef = 0CF4F4F6228995590099C8E9 /* LaunchScreen.storyboard */; };
		0CF4F503228995590099C8E9 /* WeatherTodayTests.swift in Sources */ = {isa = PBXBuildFile; fileRef = 0CF4F502228995590099C8E9 /* WeatherTodayTests.swift */; };
		0CF4F50E228995590099C8E9 /* WeatherTodayUITests.swift in Sources */ = {isa = PBXBuildFile; fileRef = 0CF4F50D228995590099C8E9 /* WeatherTodayUITests.swift */; };
		0CF4F56822899CE90099C8E9 /* DecoderTypeJSON.swift in Sources */ = {isa = PBXBuildFile; fileRef = 0CF4F56722899CE90099C8E9 /* DecoderTypeJSON.swift */; };
		0CF4F56A2289A0BE0099C8E9 /* DataAssetFileName.swift in Sources */ = {isa = PBXBuildFile; fileRef = 0CF4F5692289A0BE0099C8E9 /* DataAssetFileName.swift */; };
		0CF4F56C2289A7E60099C8E9 /* DetailCountry.storyboard in Resources */ = {isa = PBXBuildFile; fileRef = 0CF4F56B2289A7E60099C8E9 /* DetailCountry.storyboard */; };
		0CF4F56E2289AA0F0099C8E9 /* DetailCountryViewController.swift in Sources */ = {isa = PBXBuildFile; fileRef = 0CF4F56D2289AA0F0099C8E9 /* DetailCountryViewController.swift */; };
		0CF4F5732289E3F50099C8E9 /* CityDetailTableViewCell.swift in Sources */ = {isa = PBXBuildFile; fileRef = 0CF4F5722289E3F50099C8E9 /* CityDetailTableViewCell.swift */; };
		0CF4F5752289E6740099C8E9 /* WeatherImageName.swift in Sources */ = {isa = PBXBuildFile; fileRef = 0CF4F5742289E6740099C8E9 /* WeatherImageName.swift */; };
/* End PBXBuildFile section */

/* Begin PBXContainerItemProxy section */
		0CF4F4FF228995590099C8E9 /* PBXContainerItemProxy */ = {
			isa = PBXContainerItemProxy;
			containerPortal = 0CF4F4E2228995580099C8E9 /* Project object */;
			proxyType = 1;
			remoteGlobalIDString = 0CF4F4E9228995580099C8E9;
			remoteInfo = WeatherToday;
		};
		0CF4F50A228995590099C8E9 /* PBXContainerItemProxy */ = {
			isa = PBXContainerItemProxy;
			containerPortal = 0CF4F4E2228995580099C8E9 /* Project object */;
			proxyType = 1;
			remoteGlobalIDString = 0CF4F4E9228995580099C8E9;
			remoteInfo = WeatherToday;
		};
/* End PBXContainerItemProxy section */

/* Begin PBXFileReference section */
		0CF3F282228AF84900E1A634 /* DetailCity.storyboard */ = {isa = PBXFileReference; lastKnownFileType = file.storyboard; path = DetailCity.storyboard; sourceTree = "<group>"; };
		0CF3F284228AF88D00E1A634 /* DetailCityViewController.swift */ = {isa = PBXFileReference; lastKnownFileType = sourcecode.swift; path = DetailCityViewController.swift; sourceTree = "<group>"; };
		0CF4F4EA228995580099C8E9 /* WeatherToday.app */ = {isa = PBXFileReference; explicitFileType = wrapper.application; includeInIndex = 0; path = WeatherToday.app; sourceTree = BUILT_PRODUCTS_DIR; };
		0CF4F4ED228995580099C8E9 /* AppDelegate.swift */ = {isa = PBXFileReference; lastKnownFileType = sourcecode.swift; path = AppDelegate.swift; sourceTree = "<group>"; };
		0CF4F4EF228995580099C8E9 /* ViewController.swift */ = {isa = PBXFileReference; lastKnownFileType = sourcecode.swift; path = ViewController.swift; sourceTree = "<group>"; };
		0CF4F4F2228995580099C8E9 /* Base */ = {isa = PBXFileReference; lastKnownFileType = file.storyboard; name = Base; path = Base.lproj/Main.storyboard; sourceTree = "<group>"; };
		0CF4F4F4228995590099C8E9 /* Assets.xcassets */ = {isa = PBXFileReference; lastKnownFileType = folder.assetcatalog; path = Assets.xcassets; sourceTree = "<group>"; };
		0CF4F4F7228995590099C8E9 /* Base */ = {isa = PBXFileReference; lastKnownFileType = file.storyboard; name = Base; path = Base.lproj/LaunchScreen.storyboard; sourceTree = "<group>"; };
		0CF4F4F9228995590099C8E9 /* Info.plist */ = {isa = PBXFileReference; lastKnownFileType = text.plist.xml; path = Info.plist; sourceTree = "<group>"; };
		0CF4F4FE228995590099C8E9 /* WeatherTodayTests.xctest */ = {isa = PBXFileReference; explicitFileType = wrapper.cfbundle; includeInIndex = 0; path = WeatherTodayTests.xctest; sourceTree = BUILT_PRODUCTS_DIR; };
		0CF4F502228995590099C8E9 /* WeatherTodayTests.swift */ = {isa = PBXFileReference; lastKnownFileType = sourcecode.swift; path = WeatherTodayTests.swift; sourceTree = "<group>"; };
		0CF4F504228995590099C8E9 /* Info.plist */ = {isa = PBXFileReference; lastKnownFileType = text.plist.xml; path = Info.plist; sourceTree = "<group>"; };
		0CF4F509228995590099C8E9 /* WeatherTodayUITests.xctest */ = {isa = PBXFileReference; explicitFileType = wrapper.cfbundle; includeInIndex = 0; path = WeatherTodayUITests.xctest; sourceTree = BUILT_PRODUCTS_DIR; };
		0CF4F50D228995590099C8E9 /* WeatherTodayUITests.swift */ = {isa = PBXFileReference; lastKnownFileType = sourcecode.swift; path = WeatherTodayUITests.swift; sourceTree = "<group>"; };
		0CF4F50F228995590099C8E9 /* Info.plist */ = {isa = PBXFileReference; lastKnownFileType = text.plist.xml; path = Info.plist; sourceTree = "<group>"; };
		0CF4F56722899CE90099C8E9 /* DecoderTypeJSON.swift */ = {isa = PBXFileReference; lastKnownFileType = sourcecode.swift; path = DecoderTypeJSON.swift; sourceTree = "<group>"; };
		0CF4F5692289A0BE0099C8E9 /* DataAssetFileName.swift */ = {isa = PBXFileReference; lastKnownFileType = sourcecode.swift; path = DataAssetFileName.swift; sourceTree = "<group>"; };
		0CF4F56B2289A7E60099C8E9 /* DetailCountry.storyboard */ = {isa = PBXFileReference; lastKnownFileType = file.storyboard; path = DetailCountry.storyboard; sourceTree = "<group>"; };
		0CF4F56D2289AA0F0099C8E9 /* DetailCountryViewController.swift */ = {isa = PBXFileReference; lastKnownFileType = sourcecode.swift; path = DetailCountryViewController.swift; sourceTree = "<group>"; };
		0CF4F5722289E3F50099C8E9 /* CityDetailTableViewCell.swift */ = {isa = PBXFileReference; lastKnownFileType = sourcecode.swift; path = CityDetailTableViewCell.swift; sourceTree = "<group>"; };
		0CF4F5742289E6740099C8E9 /* WeatherImageName.swift */ = {isa = PBXFileReference; lastKnownFileType = sourcecode.swift; path = WeatherImageName.swift; sourceTree = "<group>"; };
/* End PBXFileReference section */

/* Begin PBXFrameworksBuildPhase section */
		0CF4F4E7228995580099C8E9 /* Frameworks */ = {
			isa = PBXFrameworksBuildPhase;
			buildActionMask = 2147483647;
			files = (
			);
			runOnlyForDeploymentPostprocessing = 0;
		};
		0CF4F4FB228995590099C8E9 /* Frameworks */ = {
			isa = PBXFrameworksBuildPhase;
			buildActionMask = 2147483647;
			files = (
			);
			runOnlyForDeploymentPostprocessing = 0;
		};
		0CF4F506228995590099C8E9 /* Frameworks */ = {
			isa = PBXFrameworksBuildPhase;
			buildActionMask = 2147483647;
			files = (
			);
			runOnlyForDeploymentPostprocessing = 0;
		};
/* End PBXFrameworksBuildPhase section */

/* Begin PBXGroup section */
		0CF4F4E1228995580099C8E9 = {
			isa = PBXGroup;
			children = (
				0CF4F4EC228995580099C8E9 /* WeatherToday */,
				0CF4F501228995590099C8E9 /* WeatherTodayTests */,
				0CF4F50C228995590099C8E9 /* WeatherTodayUITests */,
				0CF4F4EB228995580099C8E9 /* Products */,
			);
			sourceTree = "<group>";
		};
		0CF4F4EB228995580099C8E9 /* Products */ = {
			isa = PBXGroup;
			children = (
				0CF4F4EA228995580099C8E9 /* WeatherToday.app */,
				0CF4F4FE228995590099C8E9 /* WeatherTodayTests.xctest */,
				0CF4F509228995590099C8E9 /* WeatherTodayUITests.xctest */,
			);
			name = Products;
			sourceTree = "<group>";
		};
		0CF4F4EC228995580099C8E9 /* WeatherToday */ = {
			isa = PBXGroup;
			children = (
				0CF4F5712289E3C00099C8E9 /* Custom Files */,
				0CF4F56622899C050099C8E9 /* Fetch Files */,
				0CF4F51D228995FF0099C8E9 /* Support Files */,
				0CF4F51C2289956D0099C8E9 /* StoryBoard Files */,
				0CF4F51B228995660099C8E9 /* Controller Files */,
				0CF4F4ED228995580099C8E9 /* AppDelegate.swift */,
				0CF4F4F9228995590099C8E9 /* Info.plist */,
			);
			path = WeatherToday;
			sourceTree = "<group>";
		};
		0CF4F501228995590099C8E9 /* WeatherTodayTests */ = {
			isa = PBXGroup;
			children = (
				0CF4F502228995590099C8E9 /* WeatherTodayTests.swift */,
				0CF4F504228995590099C8E9 /* Info.plist */,
			);
			path = WeatherTodayTests;
			sourceTree = "<group>";
		};
		0CF4F50C228995590099C8E9 /* WeatherTodayUITests */ = {
			isa = PBXGroup;
			children = (
				0CF4F50D228995590099C8E9 /* WeatherTodayUITests.swift */,
				0CF4F50F228995590099C8E9 /* Info.plist */,
			);
			path = WeatherTodayUITests;
			sourceTree = "<group>";
		};
		0CF4F51B228995660099C8E9 /* Controller Files */ = {
			isa = PBXGroup;
			children = (
				0CF4F4EF228995580099C8E9 /* ViewController.swift */,
				0CF4F56D2289AA0F0099C8E9 /* DetailCountryViewController.swift */,
				0CF3F284228AF88D00E1A634 /* DetailCityViewController.swift */,
			);
			path = "Controller Files";
			sourceTree = "<group>";
		};
		0CF4F51C2289956D0099C8E9 /* StoryBoard Files */ = {
			isa = PBXGroup;
			children = (
				0CF4F4F1228995580099C8E9 /* Main.storyboard */,
				0CF4F56B2289A7E60099C8E9 /* DetailCountry.storyboard */,
				0CF4F4F6228995590099C8E9 /* LaunchScreen.storyboard */,
				0CF3F282228AF84900E1A634 /* DetailCity.storyboard */,
			);
			path = "StoryBoard Files";
			sourceTree = "<group>";
		};
		0CF4F51D228995FF0099C8E9 /* Support Files */ = {
			isa = PBXGroup;
			children = (
				0CF4F4F4228995590099C8E9 /* Assets.xcassets */,
			);
			path = "Support Files";
			sourceTree = "<group>";
		};
		0CF4F56622899C050099C8E9 /* Fetch Files */ = {
			isa = PBXGroup;
			children = (
				0CF4F56722899CE90099C8E9 /* DecoderTypeJSON.swift */,
				0CF4F5692289A0BE0099C8E9 /* DataAssetFileName.swift */,
			);
			path = "Fetch Files";
			sourceTree = "<group>";
		};
		0CF4F5712289E3C00099C8E9 /* Custom Files */ = {
			isa = PBXGroup;
			children = (
				0CF4F5722289E3F50099C8E9 /* CityDetailTableViewCell.swift */,
				0CF4F5742289E6740099C8E9 /* WeatherImageName.swift */,
			);
			path = "Custom Files";
			sourceTree = "<group>";
		};
/* End PBXGroup section */

/* Begin PBXNativeTarget section */
		0CF4F4E9228995580099C8E9 /* WeatherToday */ = {
			isa = PBXNativeTarget;
			buildConfigurationList = 0CF4F512228995590099C8E9 /* Build configuration list for PBXNativeTarget "WeatherToday" */;
			buildPhases = (
				0CF4F4E6228995580099C8E9 /* Sources */,
				0CF4F4E7228995580099C8E9 /* Frameworks */,
				0CF4F4E8228995580099C8E9 /* Resources */,
			);
			buildRules = (
			);
			dependencies = (
			);
			name = WeatherToday;
			productName = WeatherToday;
			productReference = 0CF4F4EA228995580099C8E9 /* WeatherToday.app */;
			productType = "com.apple.product-type.application";
		};
		0CF4F4FD228995590099C8E9 /* WeatherTodayTests */ = {
			isa = PBXNativeTarget;
			buildConfigurationList = 0CF4F515228995590099C8E9 /* Build configuration list for PBXNativeTarget "WeatherTodayTests" */;
			buildPhases = (
				0CF4F4FA228995590099C8E9 /* Sources */,
				0CF4F4FB228995590099C8E9 /* Frameworks */,
				0CF4F4FC228995590099C8E9 /* Resources */,
			);
			buildRules = (
			);
			dependencies = (
				0CF4F500228995590099C8E9 /* PBXTargetDependency */,
			);
			name = WeatherTodayTests;
			productName = WeatherTodayTests;
			productReference = 0CF4F4FE228995590099C8E9 /* WeatherTodayTests.xctest */;
			productType = "com.apple.product-type.bundle.unit-test";
		};
		0CF4F508228995590099C8E9 /* WeatherTodayUITests */ = {
			isa = PBXNativeTarget;
			buildConfigurationList = 0CF4F518228995590099C8E9 /* Build configuration list for PBXNativeTarget "WeatherTodayUITests" */;
			buildPhases = (
				0CF4F505228995590099C8E9 /* Sources */,
				0CF4F506228995590099C8E9 /* Frameworks */,
				0CF4F507228995590099C8E9 /* Resources */,
			);
			buildRules = (
			);
			dependencies = (
				0CF4F50B228995590099C8E9 /* PBXTargetDependency */,
			);
			name = WeatherTodayUITests;
			productName = WeatherTodayUITests;
			productReference = 0CF4F509228995590099C8E9 /* WeatherTodayUITests.xctest */;
			productType = "com.apple.product-type.bundle.ui-testing";
		};
/* End PBXNativeTarget section */

/* Begin PBXProject section */
		0CF4F4E2228995580099C8E9 /* Project object */ = {
			isa = PBXProject;
			attributes = {
				LastSwiftUpdateCheck = 1020;
				LastUpgradeCheck = 1020;
				ORGANIZATIONNAME = "양창엽";
				TargetAttributes = {
					0CF4F4E9228995580099C8E9 = {
						CreatedOnToolsVersion = 10.2.1;
					};
					0CF4F4FD228995590099C8E9 = {
						CreatedOnToolsVersion = 10.2.1;
						TestTargetID = 0CF4F4E9228995580099C8E9;
					};
					0CF4F508228995590099C8E9 = {
						CreatedOnToolsVersion = 10.2.1;
						TestTargetID = 0CF4F4E9228995580099C8E9;
					};
				};
			};
			buildConfigurationList = 0CF4F4E5228995580099C8E9 /* Build configuration list for PBXProject "WeatherToday" */;
			compatibilityVersion = "Xcode 9.3";
			developmentRegion = en;
			hasScannedForEncodings = 0;
			knownRegions = (
				en,
				Base,
			);
			mainGroup = 0CF4F4E1228995580099C8E9;
			productRefGroup = 0CF4F4EB228995580099C8E9 /* Products */;
			projectDirPath = "";
			projectRoot = "";
			targets = (
				0CF4F4E9228995580099C8E9 /* WeatherToday */,
				0CF4F4FD228995590099C8E9 /* WeatherTodayTests */,
				0CF4F508228995590099C8E9 /* WeatherTodayUITests */,
			);
		};
/* End PBXProject section */

/* Begin PBXResourcesBuildPhase section */
		0CF4F4E8228995580099C8E9 /* Resources */ = {
			isa = PBXResourcesBuildPhase;
			buildActionMask = 2147483647;
			files = (
				0CF4F4F8228995590099C8E9 /* LaunchScreen.storyboard in Resources */,
				0CF4F4F5228995590099C8E9 /* Assets.xcassets in Resources */,
				0CF4F56C2289A7E60099C8E9 /* DetailCountry.storyboard in Resources */,
				0CF4F4F3228995580099C8E9 /* Main.storyboard in Resources */,
				0CF3F283228AF84900E1A634 /* DetailCity.storyboard in Resources */,
			);
			runOnlyForDeploymentPostprocessing = 0;
		};
		0CF4F4FC228995590099C8E9 /* Resources */ = {
			isa = PBXResourcesBuildPhase;
			buildActionMask = 2147483647;
			files = (
			);
			runOnlyForDeploymentPostprocessing = 0;
		};
		0CF4F507228995590099C8E9 /* Resources */ = {
			isa = PBXResourcesBuildPhase;
			buildActionMask = 2147483647;
			files = (
			);
			runOnlyForDeploymentPostprocessing = 0;
		};
/* End PBXResourcesBuildPhase section */

/* Begin PBXSourcesBuildPhase section */
		0CF4F4E6228995580099C8E9 /* Sources */ = {
			isa = PBXSourcesBuildPhase;
			buildActionMask = 2147483647;
			files = (
				0CF4F4F0228995580099C8E9 /* ViewController.swift in Sources */,
				0CF4F5752289E6740099C8E9 /* WeatherImageName.swift in Sources */,
				0CF4F56A2289A0BE0099C8E9 /* DataAssetFileName.swift in Sources */,
				0CF4F56E2289AA0F0099C8E9 /* DetailCountryViewController.swift in Sources */,
				0CF3F285228AF88D00E1A634 /* DetailCityViewController.swift in Sources */,
				0CF4F5732289E3F50099C8E9 /* CityDetailTableViewCell.swift in Sources */,
				0CF4F4EE228995580099C8E9 /* AppDelegate.swift in Sources */,
				0CF4F56822899CE90099C8E9 /* DecoderTypeJSON.swift in Sources */,
			);
			runOnlyForDeploymentPostprocessing = 0;
		};
		0CF4F4FA228995590099C8E9 /* Sources */ = {
			isa = PBXSourcesBuildPhase;
			buildActionMask = 2147483647;
			files = (
				0CF4F503228995590099C8E9 /* WeatherTodayTests.swift in Sources */,
			);
			runOnlyForDeploymentPostprocessing = 0;
		};
		0CF4F505228995590099C8E9 /* Sources */ = {
			isa = PBXSourcesBuildPhase;
			buildActionMask = 2147483647;
			files = (
				0CF4F50E228995590099C8E9 /* WeatherTodayUITests.swift in Sources */,
			);
			runOnlyForDeploymentPostprocessing = 0;
		};
/* End PBXSourcesBuildPhase section */

/* Begin PBXTargetDependency section */
		0CF4F500228995590099C8E9 /* PBXTargetDependency */ = {
			isa = PBXTargetDependency;
			target = 0CF4F4E9228995580099C8E9 /* WeatherToday */;
			targetProxy = 0CF4F4FF228995590099C8E9 /* PBXContainerItemProxy */;
		};
		0CF4F50B228995590099C8E9 /* PBXTargetDependency */ = {
			isa = PBXTargetDependency;
			target = 0CF4F4E9228995580099C8E9 /* WeatherToday */;
			targetProxy = 0CF4F50A228995590099C8E9 /* PBXContainerItemProxy */;
		};
/* End PBXTargetDependency section */

/* Begin PBXVariantGroup section */
		0CF4F4F1228995580099C8E9 /* Main.storyboard */ = {
			isa = PBXVariantGroup;
			children = (
				0CF4F4F2228995580099C8E9 /* Base */,
			);
			name = Main.storyboard;
			sourceTree = "<group>";
		};
		0CF4F4F6228995590099C8E9 /* LaunchScreen.storyboard */ = {
			isa = PBXVariantGroup;
			children = (
				0CF4F4F7228995590099C8E9 /* Base */,
			);
			name = LaunchScreen.storyboard;
			sourceTree = "<group>";
		};
/* End PBXVariantGroup section */

/* Begin XCBuildConfiguration section */
		0CF4F510228995590099C8E9 /* Debug */ = {
			isa = XCBuildConfiguration;
			buildSettings = {
				ALWAYS_SEARCH_USER_PATHS = NO;
				CLANG_ANALYZER_NONNULL = YES;
				CLANG_ANALYZER_NUMBER_OBJECT_CONVERSION = YES_AGGRESSIVE;
				CLANG_CXX_LANGUAGE_STANDARD = "gnu++14";
				CLANG_CXX_LIBRARY = "libc++";
				CLANG_ENABLE_MODULES = YES;
				CLANG_ENABLE_OBJC_ARC = YES;
				CLANG_ENABLE_OBJC_WEAK = YES;
				CLANG_WARN_BLOCK_CAPTURE_AUTORELEASING = YES;
				CLANG_WARN_BOOL_CONVERSION = YES;
				CLANG_WARN_COMMA = YES;
				CLANG_WARN_CONSTANT_CONVERSION = YES;
				CLANG_WARN_DEPRECATED_OBJC_IMPLEMENTATIONS = YES;
				CLANG_WARN_DIRECT_OBJC_ISA_USAGE = YES_ERROR;
				CLANG_WARN_DOCUMENTATION_COMMENTS = YES;
				CLANG_WARN_EMPTY_BODY = YES;
				CLANG_WARN_ENUM_CONVERSION = YES;
				CLANG_WARN_INFINITE_RECURSION = YES;
				CLANG_WARN_INT_CONVERSION = YES;
				CLANG_WARN_NON_LITERAL_NULL_CONVERSION = YES;
				CLANG_WARN_OBJC_IMPLICIT_RETAIN_SELF = YES;
				CLANG_WARN_OBJC_LITERAL_CONVERSION = YES;
				CLANG_WARN_OBJC_ROOT_CLASS = YES_ERROR;
				CLANG_WARN_RANGE_LOOP_ANALYSIS = YES;
				CLANG_WARN_STRICT_PROTOTYPES = YES;
				CLANG_WARN_SUSPICIOUS_MOVE = YES;
				CLANG_WARN_UNGUARDED_AVAILABILITY = YES_AGGRESSIVE;
				CLANG_WARN_UNREACHABLE_CODE = YES;
				CLANG_WARN__DUPLICATE_METHOD_MATCH = YES;
				CODE_SIGN_IDENTITY = "iPhone Developer";
				COPY_PHASE_STRIP = NO;
				DEBUG_INFORMATION_FORMAT = dwarf;
				ENABLE_STRICT_OBJC_MSGSEND = YES;
				ENABLE_TESTABILITY = YES;
				GCC_C_LANGUAGE_STANDARD = gnu11;
				GCC_DYNAMIC_NO_PIC = NO;
				GCC_NO_COMMON_BLOCKS = YES;
				GCC_OPTIMIZATION_LEVEL = 0;
				GCC_PREPROCESSOR_DEFINITIONS = (
					"DEBUG=1",
					"$(inherited)",
				);
				GCC_WARN_64_TO_32_BIT_CONVERSION = YES;
				GCC_WARN_ABOUT_RETURN_TYPE = YES_ERROR;
				GCC_WARN_UNDECLARED_SELECTOR = YES;
				GCC_WARN_UNINITIALIZED_AUTOS = YES_AGGRESSIVE;
				GCC_WARN_UNUSED_FUNCTION = YES;
				GCC_WARN_UNUSED_VARIABLE = YES;
				IPHONEOS_DEPLOYMENT_TARGET = 12.2;
				MTL_ENABLE_DEBUG_INFO = INCLUDE_SOURCE;
				MTL_FAST_MATH = YES;
				ONLY_ACTIVE_ARCH = YES;
				SDKROOT = iphoneos;
				SWIFT_ACTIVE_COMPILATION_CONDITIONS = DEBUG;
				SWIFT_OPTIMIZATION_LEVEL = "-Onone";
			};
			name = Debug;
		};
		0CF4F511228995590099C8E9 /* Release */ = {
			isa = XCBuildConfiguration;
			buildSettings = {
				ALWAYS_SEARCH_USER_PATHS = NO;
				CLANG_ANALYZER_NONNULL = YES;
				CLANG_ANALYZER_NUMBER_OBJECT_CONVERSION = YES_AGGRESSIVE;
				CLANG_CXX_LANGUAGE_STANDARD = "gnu++14";
				CLANG_CXX_LIBRARY = "libc++";
				CLANG_ENABLE_MODULES = YES;
				CLANG_ENABLE_OBJC_ARC = YES;
				CLANG_ENABLE_OBJC_WEAK = YES;
				CLANG_WARN_BLOCK_CAPTURE_AUTORELEASING = YES;
				CLANG_WARN_BOOL_CONVERSION = YES;
				CLANG_WARN_COMMA = YES;
				CLANG_WARN_CONSTANT_CONVERSION = YES;
				CLANG_WARN_DEPRECATED_OBJC_IMPLEMENTATIONS = YES;
				CLANG_WARN_DIRECT_OBJC_ISA_USAGE = YES_ERROR;
				CLANG_WARN_DOCUMENTATION_COMMENTS = YES;
				CLANG_WARN_EMPTY_BODY = YES;
				CLANG_WARN_ENUM_CONVERSION = YES;
				CLANG_WARN_INFINITE_RECURSION = YES;
				CLANG_WARN_INT_CONVERSION = YES;
				CLANG_WARN_NON_LITERAL_NULL_CONVERSION = YES;
				CLANG_WARN_OBJC_IMPLICIT_RETAIN_SELF = YES;
				CLANG_WARN_OBJC_LITERAL_CONVERSION = YES;
				CLANG_WARN_OBJC_ROOT_CLASS = YES_ERROR;
				CLANG_WARN_RANGE_LOOP_ANALYSIS = YES;
				CLANG_WARN_STRICT_PROTOTYPES = YES;
				CLANG_WARN_SUSPICIOUS_MOVE = YES;
				CLANG_WARN_UNGUARDED_AVAILABILITY = YES_AGGRESSIVE;
				CLANG_WARN_UNREACHABLE_CODE = YES;
				CLANG_WARN__DUPLICATE_METHOD_MATCH = YES;
				CODE_SIGN_IDENTITY = "iPhone Developer";
				COPY_PHASE_STRIP = NO;
				DEBUG_INFORMATION_FORMAT = "dwarf-with-dsym";
				ENABLE_NS_ASSERTIONS = NO;
				ENABLE_STRICT_OBJC_MSGSEND = YES;
				GCC_C_LANGUAGE_STANDARD = gnu11;
				GCC_NO_COMMON_BLOCKS = YES;
				GCC_WARN_64_TO_32_BIT_CONVERSION = YES;
				GCC_WARN_ABOUT_RETURN_TYPE = YES_ERROR;
				GCC_WARN_UNDECLARED_SELECTOR = YES;
				GCC_WARN_UNINITIALIZED_AUTOS = YES_AGGRESSIVE;
				GCC_WARN_UNUSED_FUNCTION = YES;
				GCC_WARN_UNUSED_VARIABLE = YES;
				IPHONEOS_DEPLOYMENT_TARGET = 12.2;
				MTL_ENABLE_DEBUG_INFO = NO;
				MTL_FAST_MATH = YES;
				SDKROOT = iphoneos;
				SWIFT_COMPILATION_MODE = wholemodule;
				SWIFT_OPTIMIZATION_LEVEL = "-O";
				VALIDATE_PRODUCT = YES;
			};
			name = Release;
		};
		0CF4F513228995590099C8E9 /* Debug */ = {
			isa = XCBuildConfiguration;
			buildSettings = {
				ASSETCATALOG_COMPILER_APPICON_NAME = AppIcon;
				CODE_SIGN_STYLE = Automatic;
				DEVELOPMENT_TEAM = G325PL7HW2;
				INFOPLIST_FILE = WeatherToday/Info.plist;
				LD_RUNPATH_SEARCH_PATHS = (
					"$(inherited)",
					"@executable_path/Frameworks",
				);
				PRODUCT_BUNDLE_IDENTIFIER = yeop9657.blog.me.WeatherToday;
				PRODUCT_NAME = "$(TARGET_NAME)";
				SWIFT_VERSION = 5.0;
				TARGETED_DEVICE_FAMILY = "1,2";
			};
			name = Debug;
		};
		0CF4F514228995590099C8E9 /* Release */ = {
			isa = XCBuildConfiguration;
			buildSettings = {
				ASSETCATALOG_COMPILER_APPICON_NAME = AppIcon;
				CODE_SIGN_STYLE = Automatic;
				DEVELOPMENT_TEAM = G325PL7HW2;
				INFOPLIST_FILE = WeatherToday/Info.plist;
				LD_RUNPATH_SEARCH_PATHS = (
					"$(inherited)",
					"@executable_path/Frameworks",
				);
				PRODUCT_BUNDLE_IDENTIFIER = yeop9657.blog.me.WeatherToday;
				PRODUCT_NAME = "$(TARGET_NAME)";
				SWIFT_VERSION = 5.0;
				TARGETED_DEVICE_FAMILY = "1,2";
			};
			name = Release;
		};
		0CF4F516228995590099C8E9 /* Debug */ = {
			isa = XCBuildConfiguration;
			buildSettings = {
				ALWAYS_EMBED_SWIFT_STANDARD_LIBRARIES = YES;
				BUNDLE_LOADER = "$(TEST_HOST)";
				CODE_SIGN_STYLE = Automatic;
				DEVELOPMENT_TEAM = G325PL7HW2;
				INFOPLIST_FILE = WeatherTodayTests/Info.plist;
				LD_RUNPATH_SEARCH_PATHS = (
					"$(inherited)",
					"@executable_path/Frameworks",
					"@loader_path/Frameworks",
				);
				PRODUCT_BUNDLE_IDENTIFIER = yeop9657.blog.me.WeatherTodayTests;
				PRODUCT_NAME = "$(TARGET_NAME)";
				SWIFT_VERSION = 5.0;
				TARGETED_DEVICE_FAMILY = "1,2";
				TEST_HOST = "$(BUILT_PRODUCTS_DIR)/WeatherToday.app/WeatherToday";
			};
			name = Debug;
		};
		0CF4F517228995590099C8E9 /* Release */ = {
			isa = XCBuildConfiguration;
			buildSettings = {
				ALWAYS_EMBED_SWIFT_STANDARD_LIBRARIES = YES;
				BUNDLE_LOADER = "$(TEST_HOST)";
				CODE_SIGN_STYLE = Automatic;
				DEVELOPMENT_TEAM = G325PL7HW2;
				INFOPLIST_FILE = WeatherTodayTests/Info.plist;
				LD_RUNPATH_SEARCH_PATHS = (
					"$(inherited)",
					"@executable_path/Frameworks",
					"@loader_path/Frameworks",
				);
				PRODUCT_BUNDLE_IDENTIFIER = yeop9657.blog.me.WeatherTodayTests;
				PRODUCT_NAME = "$(TARGET_NAME)";
				SWIFT_VERSION = 5.0;
				TARGETED_DEVICE_FAMILY = "1,2";
				TEST_HOST = "$(BUILT_PRODUCTS_DIR)/WeatherToday.app/WeatherToday";
			};
			name = Release;
		};
		0CF4F519228995590099C8E9 /* Debug */ = {
			isa = XCBuildConfiguration;
			buildSettings = {
				ALWAYS_EMBED_SWIFT_STANDARD_LIBRARIES = YES;
				CODE_SIGN_STYLE = Automatic;
				DEVELOPMENT_TEAM = G325PL7HW2;
				INFOPLIST_FILE = WeatherTodayUITests/Info.plist;
				LD_RUNPATH_SEARCH_PATHS = (
					"$(inherited)",
					"@executable_path/Frameworks",
					"@loader_path/Frameworks",
				);
				PRODUCT_BUNDLE_IDENTIFIER = yeop9657.blog.me.WeatherTodayUITests;
				PRODUCT_NAME = "$(TARGET_NAME)";
				SWIFT_VERSION = 5.0;
				TARGETED_DEVICE_FAMILY = "1,2";
				TEST_TARGET_NAME = WeatherToday;
			};
			name = Debug;
		};
		0CF4F51A228995590099C8E9 /* Release */ = {
			isa = XCBuildConfiguration;
			buildSettings = {
				ALWAYS_EMBED_SWIFT_STANDARD_LIBRARIES = YES;
				CODE_SIGN_STYLE = Automatic;
				DEVELOPMENT_TEAM = G325PL7HW2;
				INFOPLIST_FILE = WeatherTodayUITests/Info.plist;
				LD_RUNPATH_SEARCH_PATHS = (
					"$(inherited)",
					"@executable_path/Frameworks",
					"@loader_path/Frameworks",
				);
				PRODUCT_BUNDLE_IDENTIFIER = yeop9657.blog.me.WeatherTodayUITests;
				PRODUCT_NAME = "$(TARGET_NAME)";
				SWIFT_VERSION = 5.0;
				TARGETED_DEVICE_FAMILY = "1,2";
				TEST_TARGET_NAME = WeatherToday;
			};
			name = Release;
		};
/* End XCBuildConfiguration section */

/* Begin XCConfigurationList section */
		0CF4F4E5228995580099C8E9 /* Build configuration list for PBXProject "WeatherToday" */ = {
			isa = XCConfigurationList;
			buildConfigurations = (
				0CF4F510228995590099C8E9 /* Debug */,
				0CF4F511228995590099C8E9 /* Release */,
			);
			defaultConfigurationIsVisible = 0;
			defaultConfigurationName = Release;
		};
		0CF4F512228995590099C8E9 /* Build configuration list for PBXNativeTarget "WeatherToday" */ = {
			isa = XCConfigurationList;
			buildConfigurations = (
				0CF4F513228995590099C8E9 /* Debug */,
				0CF4F514228995590099C8E9 /* Release */,
			);
			defaultConfigurationIsVisible = 0;
			defaultConfigurationName = Release;
		};
		0CF4F515228995590099C8E9 /* Build configuration list for PBXNativeTarget "WeatherTodayTests" */ = {
			isa = XCConfigurationList;
			buildConfigurations = (
				0CF4F516228995590099C8E9 /* Debug */,
				0CF4F517228995590099C8E9 /* Release */,
			);
			defaultConfigurationIsVisible = 0;
			defaultConfigurationName = Release;
		};
		0CF4F518228995590099C8E9 /* Build configuration list for PBXNativeTarget "WeatherTodayUITests" */ = {
			isa = XCConfigurationList;
			buildConfigurations = (
				0CF4F519228995590099C8E9 /* Debug */,
				0CF4F51A228995590099C8E9 /* Release */,
			);
			defaultConfigurationIsVisible = 0;
			defaultConfigurationName = Release;
		};
/* End XCConfigurationList section */
	};
	rootObject = 0CF4F4E2228995580099C8E9 /* Project object */;
}
