// !$*UTF8*$!
{
	archiveVersion = 1;
	classes = {
	};
	objectVersion = 50;
	objects = {

/* Begin PBXBuildFile section */
		0C34552B2264CFB300386E49 /* AppDelegate.swift in Sources */ = {isa = PBXBuildFile; fileRef = 0C34552A2264CFB300386E49 /* AppDelegate.swift */; };
		0C34552D2264CFB300386E49 /* HomeViewController.swift in Sources */ = {isa = PBXBuildFile; fileRef = 0C34552C2264CFB300386E49 /* HomeViewController.swift */; };
		0C3455302264CFB300386E49 /* Main.storyboard in Resources */ = {isa = PBXBuildFile; fileRef = 0C34552E2264CFB300386E49 /* Main.storyboard */; };
		0C3455322264CFB500386E49 /* Assets.xcassets in Resources */ = {isa = PBXBuildFile; fileRef = 0C3455312264CFB500386E49 /* Assets.xcassets */; };
		0C3455352264CFB500386E49 /* LaunchScreen.storyboard in Resources */ = {isa = PBXBuildFile; fileRef = 0C3455332264CFB500386E49 /* LaunchScreen.storyboard */; };
		0C3455402264CFB500386E49 /* SignUpTests.swift in Sources */ = {isa = PBXBuildFile; fileRef = 0C34553F2264CFB500386E49 /* SignUpTests.swift */; };
		0C34554B2264CFB500386E49 /* SignUpUITests.swift in Sources */ = {isa = PBXBuildFile; fileRef = 0C34554A2264CFB500386E49 /* SignUpUITests.swift */; };
		0C34555B2264D82C00386E49 /* SignUpViewController.swift in Sources */ = {isa = PBXBuildFile; fileRef = 0C34555A2264D82C00386E49 /* SignUpViewController.swift */; };
		0C34555D2264D89500386E49 /* SingUp.storyboard in Resources */ = {isa = PBXBuildFile; fileRef = 0C34555C2264D89500386E49 /* SingUp.storyboard */; };
		0C3455602264E24600386E49 /* TagTextField.swift in Sources */ = {isa = PBXBuildFile; fileRef = 0C34555F2264E24600386E49 /* TagTextField.swift */; };
		0C3455622264E3B800386E49 /* UserInformation.swift in Sources */ = {isa = PBXBuildFile; fileRef = 0C3455612264E3B800386E49 /* UserInformation.swift */; };
		0C3F62F4226769B9000A63CF /* DetailSignUp.storyboard in Resources */ = {isa = PBXBuildFile; fileRef = 0C3F62F3226769B9000A63CF /* DetailSignUp.storyboard */; };
		0C3F62F6226769D3000A63CF /* DetailSignUpViewController.swift in Sources */ = {isa = PBXBuildFile; fileRef = 0C3F62F5226769D3000A63CF /* DetailSignUpViewController.swift */; };
		0C3F62F822676F77000A63CF /* TagButton.swift in Sources */ = {isa = PBXBuildFile; fileRef = 0C3F62F722676F77000A63CF /* TagButton.swift */; };
/* End PBXBuildFile section */

/* Begin PBXContainerItemProxy section */
		0C34553C2264CFB500386E49 /* PBXContainerItemProxy */ = {
			isa = PBXContainerItemProxy;
			containerPortal = 0C34551F2264CFB300386E49 /* Project object */;
			proxyType = 1;
			remoteGlobalIDString = 0C3455262264CFB300386E49;
			remoteInfo = SignUp;
		};
		0C3455472264CFB500386E49 /* PBXContainerItemProxy */ = {
			isa = PBXContainerItemProxy;
			containerPortal = 0C34551F2264CFB300386E49 /* Project object */;
			proxyType = 1;
			remoteGlobalIDString = 0C3455262264CFB300386E49;
			remoteInfo = SignUp;
		};
/* End PBXContainerItemProxy section */

/* Begin PBXFileReference section */
		0C3455272264CFB300386E49 /* SignUp.app */ = {isa = PBXFileReference; explicitFileType = wrapper.application; includeInIndex = 0; path = SignUp.app; sourceTree = BUILT_PRODUCTS_DIR; };
		0C34552A2264CFB300386E49 /* AppDelegate.swift */ = {isa = PBXFileReference; lastKnownFileType = sourcecode.swift; path = AppDelegate.swift; sourceTree = "<group>"; };
		0C34552C2264CFB300386E49 /* HomeViewController.swift */ = {isa = PBXFileReference; lastKnownFileType = sourcecode.swift; path = HomeViewController.swift; sourceTree = "<group>"; };
		0C34552F2264CFB300386E49 /* Base */ = {isa = PBXFileReference; lastKnownFileType = file.storyboard; name = Base; path = Base.lproj/Main.storyboard; sourceTree = "<group>"; };
		0C3455312264CFB500386E49 /* Assets.xcassets */ = {isa = PBXFileReference; lastKnownFileType = folder.assetcatalog; path = Assets.xcassets; sourceTree = "<group>"; };
		0C3455342264CFB500386E49 /* Base */ = {isa = PBXFileReference; lastKnownFileType = file.storyboard; name = Base; path = Base.lproj/LaunchScreen.storyboard; sourceTree = "<group>"; };
		0C3455362264CFB500386E49 /* Info.plist */ = {isa = PBXFileReference; lastKnownFileType = text.plist.xml; path = Info.plist; sourceTree = "<group>"; };
		0C34553B2264CFB500386E49 /* SignUpTests.xctest */ = {isa = PBXFileReference; explicitFileType = wrapper.cfbundle; includeInIndex = 0; path = SignUpTests.xctest; sourceTree = BUILT_PRODUCTS_DIR; };
		0C34553F2264CFB500386E49 /* SignUpTests.swift */ = {isa = PBXFileReference; lastKnownFileType = sourcecode.swift; path = SignUpTests.swift; sourceTree = "<group>"; };
		0C3455412264CFB500386E49 /* Info.plist */ = {isa = PBXFileReference; lastKnownFileType = text.plist.xml; path = Info.plist; sourceTree = "<group>"; };
		0C3455462264CFB500386E49 /* SignUpUITests.xctest */ = {isa = PBXFileReference; explicitFileType = wrapper.cfbundle; includeInIndex = 0; path = SignUpUITests.xctest; sourceTree = BUILT_PRODUCTS_DIR; };
		0C34554A2264CFB500386E49 /* SignUpUITests.swift */ = {isa = PBXFileReference; lastKnownFileType = sourcecode.swift; path = SignUpUITests.swift; sourceTree = "<group>"; };
		0C34554C2264CFB500386E49 /* Info.plist */ = {isa = PBXFileReference; lastKnownFileType = text.plist.xml; path = Info.plist; sourceTree = "<group>"; };
		0C34555A2264D82C00386E49 /* SignUpViewController.swift */ = {isa = PBXFileReference; lastKnownFileType = sourcecode.swift; path = SignUpViewController.swift; sourceTree = "<group>"; };
		0C34555C2264D89500386E49 /* SingUp.storyboard */ = {isa = PBXFileReference; lastKnownFileType = file.storyboard; path = SingUp.storyboard; sourceTree = "<group>"; };
		0C34555F2264E24600386E49 /* TagTextField.swift */ = {isa = PBXFileReference; lastKnownFileType = sourcecode.swift; path = TagTextField.swift; sourceTree = "<group>"; };
		0C3455612264E3B800386E49 /* UserInformation.swift */ = {isa = PBXFileReference; lastKnownFileType = sourcecode.swift; path = UserInformation.swift; sourceTree = "<group>"; };
		0C3F62F3226769B9000A63CF /* DetailSignUp.storyboard */ = {isa = PBXFileReference; lastKnownFileType = file.storyboard; path = DetailSignUp.storyboard; sourceTree = "<group>"; };
		0C3F62F5226769D3000A63CF /* DetailSignUpViewController.swift */ = {isa = PBXFileReference; lastKnownFileType = sourcecode.swift; path = DetailSignUpViewController.swift; sourceTree = "<group>"; };
		0C3F62F722676F77000A63CF /* TagButton.swift */ = {isa = PBXFileReference; lastKnownFileType = sourcecode.swift; path = TagButton.swift; sourceTree = "<group>"; };
/* End PBXFileReference section */

/* Begin PBXFrameworksBuildPhase section */
		0C3455242264CFB300386E49 /* Frameworks */ = {
			isa = PBXFrameworksBuildPhase;
			buildActionMask = 2147483647;
			files = (
			);
			runOnlyForDeploymentPostprocessing = 0;
		};
		0C3455382264CFB500386E49 /* Frameworks */ = {
			isa = PBXFrameworksBuildPhase;
			buildActionMask = 2147483647;
			files = (
			);
			runOnlyForDeploymentPostprocessing = 0;
		};
		0C3455432264CFB500386E49 /* Frameworks */ = {
			isa = PBXFrameworksBuildPhase;
			buildActionMask = 2147483647;
			files = (
			);
			runOnlyForDeploymentPostprocessing = 0;
		};
/* End PBXFrameworksBuildPhase section */

/* Begin PBXGroup section */
		0C34551E2264CFB300386E49 = {
			isa = PBXGroup;
			children = (
				0C3455292264CFB300386E49 /* SignUp */,
				0C34553E2264CFB500386E49 /* SignUpTests */,
				0C3455492264CFB500386E49 /* SignUpUITests */,
				0C3455282264CFB300386E49 /* Products */,
			);
			sourceTree = "<group>";
		};
		0C3455282264CFB300386E49 /* Products */ = {
			isa = PBXGroup;
			children = (
				0C3455272264CFB300386E49 /* SignUp.app */,
				0C34553B2264CFB500386E49 /* SignUpTests.xctest */,
				0C3455462264CFB500386E49 /* SignUpUITests.xctest */,
			);
			name = Products;
			sourceTree = "<group>";
		};
		0C3455292264CFB300386E49 /* SignUp */ = {
			isa = PBXGroup;
			children = (
				0C34555E2264E20900386E49 /* Common Files */,
				0C3455592264CFD500386E49 /* Storyboard Files */,
				0C3455582264CFCB00386E49 /* Controller Files */,
				0C34552A2264CFB300386E49 /* AppDelegate.swift */,
				0C3455312264CFB500386E49 /* Assets.xcassets */,
				0C3455362264CFB500386E49 /* Info.plist */,
			);
			path = SignUp;
			sourceTree = "<group>";
		};
		0C34553E2264CFB500386E49 /* SignUpTests */ = {
			isa = PBXGroup;
			children = (
				0C34553F2264CFB500386E49 /* SignUpTests.swift */,
				0C3455412264CFB500386E49 /* Info.plist */,
			);
			path = SignUpTests;
			sourceTree = "<group>";
		};
		0C3455492264CFB500386E49 /* SignUpUITests */ = {
			isa = PBXGroup;
			children = (
				0C34554A2264CFB500386E49 /* SignUpUITests.swift */,
				0C34554C2264CFB500386E49 /* Info.plist */,
			);
			path = SignUpUITests;
			sourceTree = "<group>";
		};
		0C3455582264CFCB00386E49 /* Controller Files */ = {
			isa = PBXGroup;
			children = (
				0C34552C2264CFB300386E49 /* HomeViewController.swift */,
				0C34555A2264D82C00386E49 /* SignUpViewController.swift */,
				0C3F62F5226769D3000A63CF /* DetailSignUpViewController.swift */,
			);
			path = "Controller Files";
			sourceTree = "<group>";
		};
		0C3455592264CFD500386E49 /* Storyboard Files */ = {
			isa = PBXGroup;
			children = (
				0C34552E2264CFB300386E49 /* Main.storyboard */,
				0C34555C2264D89500386E49 /* SingUp.storyboard */,
				0C3F62F3226769B9000A63CF /* DetailSignUp.storyboard */,
				0C3455332264CFB500386E49 /* LaunchScreen.storyboard */,
			);
			path = "Storyboard Files";
			sourceTree = "<group>";
		};
		0C34555E2264E20900386E49 /* Common Files */ = {
			isa = PBXGroup;
			children = (
				0C34555F2264E24600386E49 /* TagTextField.swift */,
				0C3455612264E3B800386E49 /* UserInformation.swift */,
				0C3F62F722676F77000A63CF /* TagButton.swift */,
			);
			path = "Common Files";
			sourceTree = "<group>";
		};
/* End PBXGroup section */

/* Begin PBXNativeTarget section */
		0C3455262264CFB300386E49 /* SignUp */ = {
			isa = PBXNativeTarget;
			buildConfigurationList = 0C34554F2264CFB500386E49 /* Build configuration list for PBXNativeTarget "SignUp" */;
			buildPhases = (
				0C3455232264CFB300386E49 /* Sources */,
				0C3455242264CFB300386E49 /* Frameworks */,
				0C3455252264CFB300386E49 /* Resources */,
			);
			buildRules = (
			);
			dependencies = (
			);
			name = SignUp;
			productName = SignUp;
			productReference = 0C3455272264CFB300386E49 /* SignUp.app */;
			productType = "com.apple.product-type.application";
		};
		0C34553A2264CFB500386E49 /* SignUpTests */ = {
			isa = PBXNativeTarget;
			buildConfigurationList = 0C3455522264CFB500386E49 /* Build configuration list for PBXNativeTarget "SignUpTests" */;
			buildPhases = (
				0C3455372264CFB500386E49 /* Sources */,
				0C3455382264CFB500386E49 /* Frameworks */,
				0C3455392264CFB500386E49 /* Resources */,
			);
			buildRules = (
			);
			dependencies = (
				0C34553D2264CFB500386E49 /* PBXTargetDependency */,
			);
			name = SignUpTests;
			productName = SignUpTests;
			productReference = 0C34553B2264CFB500386E49 /* SignUpTests.xctest */;
			productType = "com.apple.product-type.bundle.unit-test";
		};
		0C3455452264CFB500386E49 /* SignUpUITests */ = {
			isa = PBXNativeTarget;
			buildConfigurationList = 0C3455552264CFB500386E49 /* Build configuration list for PBXNativeTarget "SignUpUITests" */;
			buildPhases = (
				0C3455422264CFB500386E49 /* Sources */,
				0C3455432264CFB500386E49 /* Frameworks */,
				0C3455442264CFB500386E49 /* Resources */,
			);
			buildRules = (
			);
			dependencies = (
				0C3455482264CFB500386E49 /* PBXTargetDependency */,
			);
			name = SignUpUITests;
			productName = SignUpUITests;
			productReference = 0C3455462264CFB500386E49 /* SignUpUITests.xctest */;
			productType = "com.apple.product-type.bundle.ui-testing";
		};
/* End PBXNativeTarget section */

/* Begin PBXProject section */
		0C34551F2264CFB300386E49 /* Project object */ = {
			isa = PBXProject;
			attributes = {
				LastSwiftUpdateCheck = 1020;
				LastUpgradeCheck = 1020;
				ORGANIZATIONNAME = "양창엽";
				TargetAttributes = {
					0C3455262264CFB300386E49 = {
						CreatedOnToolsVersion = 10.2;
					};
					0C34553A2264CFB500386E49 = {
						CreatedOnToolsVersion = 10.2;
						TestTargetID = 0C3455262264CFB300386E49;
					};
					0C3455452264CFB500386E49 = {
						CreatedOnToolsVersion = 10.2;
						TestTargetID = 0C3455262264CFB300386E49;
					};
				};
			};
			buildConfigurationList = 0C3455222264CFB300386E49 /* Build configuration list for PBXProject "SignUp" */;
			compatibilityVersion = "Xcode 9.3";
			developmentRegion = en;
			hasScannedForEncodings = 0;
			knownRegions = (
				en,
				Base,
			);
			mainGroup = 0C34551E2264CFB300386E49;
			productRefGroup = 0C3455282264CFB300386E49 /* Products */;
			projectDirPath = "";
			projectRoot = "";
			targets = (
				0C3455262264CFB300386E49 /* SignUp */,
				0C34553A2264CFB500386E49 /* SignUpTests */,
				0C3455452264CFB500386E49 /* SignUpUITests */,
			);
		};
/* End PBXProject section */

/* Begin PBXResourcesBuildPhase section */
		0C3455252264CFB300386E49 /* Resources */ = {
			isa = PBXResourcesBuildPhase;
			buildActionMask = 2147483647;
			files = (
				0C3455352264CFB500386E49 /* LaunchScreen.storyboard in Resources */,
				0C3455322264CFB500386E49 /* Assets.xcassets in Resources */,
				0C34555D2264D89500386E49 /* SingUp.storyboard in Resources */,
				0C3F62F4226769B9000A63CF /* DetailSignUp.storyboard in Resources */,
				0C3455302264CFB300386E49 /* Main.storyboard in Resources */,
			);
			runOnlyForDeploymentPostprocessing = 0;
		};
		0C3455392264CFB500386E49 /* Resources */ = {
			isa = PBXResourcesBuildPhase;
			buildActionMask = 2147483647;
			files = (
			);
			runOnlyForDeploymentPostprocessing = 0;
		};
		0C3455442264CFB500386E49 /* Resources */ = {
			isa = PBXResourcesBuildPhase;
			buildActionMask = 2147483647;
			files = (
			);
			runOnlyForDeploymentPostprocessing = 0;
		};
/* End PBXResourcesBuildPhase section */

/* Begin PBXSourcesBuildPhase section */
		0C3455232264CFB300386E49 /* Sources */ = {
			isa = PBXSourcesBuildPhase;
			buildActionMask = 2147483647;
			files = (
				0C3F62F6226769D3000A63CF /* DetailSignUpViewController.swift in Sources */,
				0C3455622264E3B800386E49 /* UserInformation.swift in Sources */,
				0C34555B2264D82C00386E49 /* SignUpViewController.swift in Sources */,
				0C34552D2264CFB300386E49 /* HomeViewController.swift in Sources */,
				0C3455602264E24600386E49 /* TagTextField.swift in Sources */,
				0C34552B2264CFB300386E49 /* AppDelegate.swift in Sources */,
				0C3F62F822676F77000A63CF /* TagButton.swift in Sources */,
			);
			runOnlyForDeploymentPostprocessing = 0;
		};
		0C3455372264CFB500386E49 /* Sources */ = {
			isa = PBXSourcesBuildPhase;
			buildActionMask = 2147483647;
			files = (
				0C3455402264CFB500386E49 /* SignUpTests.swift in Sources */,
			);
			runOnlyForDeploymentPostprocessing = 0;
		};
		0C3455422264CFB500386E49 /* Sources */ = {
			isa = PBXSourcesBuildPhase;
			buildActionMask = 2147483647;
			files = (
				0C34554B2264CFB500386E49 /* SignUpUITests.swift in Sources */,
			);
			runOnlyForDeploymentPostprocessing = 0;
		};
/* End PBXSourcesBuildPhase section */

/* Begin PBXTargetDependency section */
		0C34553D2264CFB500386E49 /* PBXTargetDependency */ = {
			isa = PBXTargetDependency;
			target = 0C3455262264CFB300386E49 /* SignUp */;
			targetProxy = 0C34553C2264CFB500386E49 /* PBXContainerItemProxy */;
		};
		0C3455482264CFB500386E49 /* PBXTargetDependency */ = {
			isa = PBXTargetDependency;
			target = 0C3455262264CFB300386E49 /* SignUp */;
			targetProxy = 0C3455472264CFB500386E49 /* PBXContainerItemProxy */;
		};
/* End PBXTargetDependency section */

/* Begin PBXVariantGroup section */
		0C34552E2264CFB300386E49 /* Main.storyboard */ = {
			isa = PBXVariantGroup;
			children = (
				0C34552F2264CFB300386E49 /* Base */,
			);
			name = Main.storyboard;
			sourceTree = "<group>";
		};
		0C3455332264CFB500386E49 /* LaunchScreen.storyboard */ = {
			isa = PBXVariantGroup;
			children = (
				0C3455342264CFB500386E49 /* Base */,
			);
			name = LaunchScreen.storyboard;
			sourceTree = "<group>";
		};
/* End PBXVariantGroup section */

/* Begin XCBuildConfiguration section */
		0C34554D2264CFB500386E49 /* Debug */ = {
			isa = XCBuildConfiguration;
			buildSettings = {
				ALWAYS_SEARCH_USER_PATHS = NO;
				CLANG_ANALYZER_NONNULL = YES;
				CLANG_ANALYZER_NUMBER_OBJECT_CONVERSION = YES_AGGRESSIVE;
				CLANG_CXX_LANGUAGE_STANDARD = "gnu++14";
				CLANG_CXX_LIBRARY = "libc++";
				CLANG_ENABLE_MODULES = YES;
				CLANG_ENABLE_OBJC_ARC = YES;
				CLANG_ENABLE_OBJC_WEAK = YES;
				CLANG_WARN_BLOCK_CAPTURE_AUTORELEASING = YES;
				CLANG_WARN_BOOL_CONVERSION = YES;
				CLANG_WARN_COMMA = YES;
				CLANG_WARN_CONSTANT_CONVERSION = YES;
				CLANG_WARN_DEPRECATED_OBJC_IMPLEMENTATIONS = YES;
				CLANG_WARN_DIRECT_OBJC_ISA_USAGE = YES_ERROR;
				CLANG_WARN_DOCUMENTATION_COMMENTS = YES;
				CLANG_WARN_EMPTY_BODY = YES;
				CLANG_WARN_ENUM_CONVERSION = YES;
				CLANG_WARN_INFINITE_RECURSION = YES;
				CLANG_WARN_INT_CONVERSION = YES;
				CLANG_WARN_NON_LITERAL_NULL_CONVERSION = YES;
				CLANG_WARN_OBJC_IMPLICIT_RETAIN_SELF = YES;
				CLANG_WARN_OBJC_LITERAL_CONVERSION = YES;
				CLANG_WARN_OBJC_ROOT_CLASS = YES_ERROR;
				CLANG_WARN_RANGE_LOOP_ANALYSIS = YES;
				CLANG_WARN_STRICT_PROTOTYPES = YES;
				CLANG_WARN_SUSPICIOUS_MOVE = YES;
				CLANG_WARN_UNGUARDED_AVAILABILITY = YES_AGGRESSIVE;
				CLANG_WARN_UNREACHABLE_CODE = YES;
				CLANG_WARN__DUPLICATE_METHOD_MATCH = YES;
				CODE_SIGN_IDENTITY = "iPhone Developer";
				COPY_PHASE_STRIP = NO;
				DEBUG_INFORMATION_FORMAT = dwarf;
				ENABLE_STRICT_OBJC_MSGSEND = YES;
				ENABLE_TESTABILITY = YES;
				GCC_C_LANGUAGE_STANDARD = gnu11;
				GCC_DYNAMIC_NO_PIC = NO;
				GCC_NO_COMMON_BLOCKS = YES;
				GCC_OPTIMIZATION_LEVEL = 0;
				GCC_PREPROCESSOR_DEFINITIONS = (
					"DEBUG=1",
					"$(inherited)",
				);
				GCC_WARN_64_TO_32_BIT_CONVERSION = YES;
				GCC_WARN_ABOUT_RETURN_TYPE = YES_ERROR;
				GCC_WARN_UNDECLARED_SELECTOR = YES;
				GCC_WARN_UNINITIALIZED_AUTOS = YES_AGGRESSIVE;
				GCC_WARN_UNUSED_FUNCTION = YES;
				GCC_WARN_UNUSED_VARIABLE = YES;
				IPHONEOS_DEPLOYMENT_TARGET = 12.2;
				MTL_ENABLE_DEBUG_INFO = INCLUDE_SOURCE;
				MTL_FAST_MATH = YES;
				ONLY_ACTIVE_ARCH = YES;
				SDKROOT = iphoneos;
				SWIFT_ACTIVE_COMPILATION_CONDITIONS = DEBUG;
				SWIFT_OPTIMIZATION_LEVEL = "-Onone";
			};
			name = Debug;
		};
		0C34554E2264CFB500386E49 /* Release */ = {
			isa = XCBuildConfiguration;
			buildSettings = {
				ALWAYS_SEARCH_USER_PATHS = NO;
				CLANG_ANALYZER_NONNULL = YES;
				CLANG_ANALYZER_NUMBER_OBJECT_CONVERSION = YES_AGGRESSIVE;
				CLANG_CXX_LANGUAGE_STANDARD = "gnu++14";
				CLANG_CXX_LIBRARY = "libc++";
				CLANG_ENABLE_MODULES = YES;
				CLANG_ENABLE_OBJC_ARC = YES;
				CLANG_ENABLE_OBJC_WEAK = YES;
				CLANG_WARN_BLOCK_CAPTURE_AUTORELEASING = YES;
				CLANG_WARN_BOOL_CONVERSION = YES;
				CLANG_WARN_COMMA = YES;
				CLANG_WARN_CONSTANT_CONVERSION = YES;
				CLANG_WARN_DEPRECATED_OBJC_IMPLEMENTATIONS = YES;
				CLANG_WARN_DIRECT_OBJC_ISA_USAGE = YES_ERROR;
				CLANG_WARN_DOCUMENTATION_COMMENTS = YES;
				CLANG_WARN_EMPTY_BODY = YES;
				CLANG_WARN_ENUM_CONVERSION = YES;
				CLANG_WARN_INFINITE_RECURSION = YES;
				CLANG_WARN_INT_CONVERSION = YES;
				CLANG_WARN_NON_LITERAL_NULL_CONVERSION = YES;
				CLANG_WARN_OBJC_IMPLICIT_RETAIN_SELF = YES;
				CLANG_WARN_OBJC_LITERAL_CONVERSION = YES;
				CLANG_WARN_OBJC_ROOT_CLASS = YES_ERROR;
				CLANG_WARN_RANGE_LOOP_ANALYSIS = YES;
				CLANG_WARN_STRICT_PROTOTYPES = YES;
				CLANG_WARN_SUSPICIOUS_MOVE = YES;
				CLANG_WARN_UNGUARDED_AVAILABILITY = YES_AGGRESSIVE;
				CLANG_WARN_UNREACHABLE_CODE = YES;
				CLANG_WARN__DUPLICATE_METHOD_MATCH = YES;
				CODE_SIGN_IDENTITY = "iPhone Developer";
				COPY_PHASE_STRIP = NO;
				DEBUG_INFORMATION_FORMAT = "dwarf-with-dsym";
				ENABLE_NS_ASSERTIONS = NO;
				ENABLE_STRICT_OBJC_MSGSEND = YES;
				GCC_C_LANGUAGE_STANDARD = gnu11;
				GCC_NO_COMMON_BLOCKS = YES;
				GCC_WARN_64_TO_32_BIT_CONVERSION = YES;
				GCC_WARN_ABOUT_RETURN_TYPE = YES_ERROR;
				GCC_WARN_UNDECLARED_SELECTOR = YES;
				GCC_WARN_UNINITIALIZED_AUTOS = YES_AGGRESSIVE;
				GCC_WARN_UNUSED_FUNCTION = YES;
				GCC_WARN_UNUSED_VARIABLE = YES;
				IPHONEOS_DEPLOYMENT_TARGET = 12.2;
				MTL_ENABLE_DEBUG_INFO = NO;
				MTL_FAST_MATH = YES;
				SDKROOT = iphoneos;
				SWIFT_COMPILATION_MODE = wholemodule;
				SWIFT_OPTIMIZATION_LEVEL = "-O";
				VALIDATE_PRODUCT = YES;
			};
			name = Release;
		};
		0C3455502264CFB500386E49 /* Debug */ = {
			isa = XCBuildConfiguration;
			buildSettings = {
				ASSETCATALOG_COMPILER_APPICON_NAME = AppIcon;
				CODE_SIGN_STYLE = Automatic;
				DEVELOPMENT_TEAM = G325PL7HW2;
				INFOPLIST_FILE = SignUp/Info.plist;
				LD_RUNPATH_SEARCH_PATHS = (
					"$(inherited)",
					"@executable_path/Frameworks",
				);
				PRODUCT_BUNDLE_IDENTIFIER = yeop9657.blog.me.SignUp;
				PRODUCT_NAME = "$(TARGET_NAME)";
				SWIFT_VERSION = 5.0;
				TARGETED_DEVICE_FAMILY = "1,2";
			};
			name = Debug;
		};
		0C3455512264CFB500386E49 /* Release */ = {
			isa = XCBuildConfiguration;
			buildSettings = {
				ASSETCATALOG_COMPILER_APPICON_NAME = AppIcon;
				CODE_SIGN_STYLE = Automatic;
				DEVELOPMENT_TEAM = G325PL7HW2;
				INFOPLIST_FILE = SignUp/Info.plist;
				LD_RUNPATH_SEARCH_PATHS = (
					"$(inherited)",
					"@executable_path/Frameworks",
				);
				PRODUCT_BUNDLE_IDENTIFIER = yeop9657.blog.me.SignUp;
				PRODUCT_NAME = "$(TARGET_NAME)";
				SWIFT_VERSION = 5.0;
				TARGETED_DEVICE_FAMILY = "1,2";
			};
			name = Release;
		};
		0C3455532264CFB500386E49 /* Debug */ = {
			isa = XCBuildConfiguration;
			buildSettings = {
				ALWAYS_EMBED_SWIFT_STANDARD_LIBRARIES = YES;
				BUNDLE_LOADER = "$(TEST_HOST)";
				CODE_SIGN_STYLE = Automatic;
				DEVELOPMENT_TEAM = G325PL7HW2;
				INFOPLIST_FILE = SignUpTests/Info.plist;
				LD_RUNPATH_SEARCH_PATHS = (
					"$(inherited)",
					"@executable_path/Frameworks",
					"@loader_path/Frameworks",
				);
				PRODUCT_BUNDLE_IDENTIFIER = yeop9657.blog.me.SignUpTests;
				PRODUCT_NAME = "$(TARGET_NAME)";
				SWIFT_VERSION = 5.0;
				TARGETED_DEVICE_FAMILY = "1,2";
				TEST_HOST = "$(BUILT_PRODUCTS_DIR)/SignUp.app/SignUp";
			};
			name = Debug;
		};
		0C3455542264CFB500386E49 /* Release */ = {
			isa = XCBuildConfiguration;
			buildSettings = {
				ALWAYS_EMBED_SWIFT_STANDARD_LIBRARIES = YES;
				BUNDLE_LOADER = "$(TEST_HOST)";
				CODE_SIGN_STYLE = Automatic;
				DEVELOPMENT_TEAM = G325PL7HW2;
				INFOPLIST_FILE = SignUpTests/Info.plist;
				LD_RUNPATH_SEARCH_PATHS = (
					"$(inherited)",
					"@executable_path/Frameworks",
					"@loader_path/Frameworks",
				);
				PRODUCT_BUNDLE_IDENTIFIER = yeop9657.blog.me.SignUpTests;
				PRODUCT_NAME = "$(TARGET_NAME)";
				SWIFT_VERSION = 5.0;
				TARGETED_DEVICE_FAMILY = "1,2";
				TEST_HOST = "$(BUILT_PRODUCTS_DIR)/SignUp.app/SignUp";
			};
			name = Release;
		};
		0C3455562264CFB500386E49 /* Debug */ = {
			isa = XCBuildConfiguration;
			buildSettings = {
				ALWAYS_EMBED_SWIFT_STANDARD_LIBRARIES = YES;
				CODE_SIGN_STYLE = Automatic;
				DEVELOPMENT_TEAM = G325PL7HW2;
				INFOPLIST_FILE = SignUpUITests/Info.plist;
				LD_RUNPATH_SEARCH_PATHS = (
					"$(inherited)",
					"@executable_path/Frameworks",
					"@loader_path/Frameworks",
				);
				PRODUCT_BUNDLE_IDENTIFIER = yeop9657.blog.me.SignUpUITests;
				PRODUCT_NAME = "$(TARGET_NAME)";
				SWIFT_VERSION = 5.0;
				TARGETED_DEVICE_FAMILY = "1,2";
				TEST_TARGET_NAME = SignUp;
			};
			name = Debug;
		};
		0C3455572264CFB500386E49 /* Release */ = {
			isa = XCBuildConfiguration;
			buildSettings = {
				ALWAYS_EMBED_SWIFT_STANDARD_LIBRARIES = YES;
				CODE_SIGN_STYLE = Automatic;
				DEVELOPMENT_TEAM = G325PL7HW2;
				INFOPLIST_FILE = SignUpUITests/Info.plist;
				LD_RUNPATH_SEARCH_PATHS = (
					"$(inherited)",
					"@executable_path/Frameworks",
					"@loader_path/Frameworks",
				);
				PRODUCT_BUNDLE_IDENTIFIER = yeop9657.blog.me.SignUpUITests;
				PRODUCT_NAME = "$(TARGET_NAME)";
				SWIFT_VERSION = 5.0;
				TARGETED_DEVICE_FAMILY = "1,2";
				TEST_TARGET_NAME = SignUp;
			};
			name = Release;
		};
/* End XCBuildConfiguration section */

/* Begin XCConfigurationList section */
		0C3455222264CFB300386E49 /* Build configuration list for PBXProject "SignUp" */ = {
			isa = XCConfigurationList;
			buildConfigurations = (
				0C34554D2264CFB500386E49 /* Debug */,
				0C34554E2264CFB500386E49 /* Release */,
			);
			defaultConfigurationIsVisible = 0;
			defaultConfigurationName = Release;
		};
		0C34554F2264CFB500386E49 /* Build configuration list for PBXNativeTarget "SignUp" */ = {
			isa = XCConfigurationList;
			buildConfigurations = (
				0C3455502264CFB500386E49 /* Debug */,
				0C3455512264CFB500386E49 /* Release */,
			);
			defaultConfigurationIsVisible = 0;
			defaultConfigurationName = Release;
		};
		0C3455522264CFB500386E49 /* Build configuration list for PBXNativeTarget "SignUpTests" */ = {
			isa = XCConfigurationList;
			buildConfigurations = (
				0C3455532264CFB500386E49 /* Debug */,
				0C3455542264CFB500386E49 /* Release */,
			);
			defaultConfigurationIsVisible = 0;
			defaultConfigurationName = Release;
		};
		0C3455552264CFB500386E49 /* Build configuration list for PBXNativeTarget "SignUpUITests" */ = {
			isa = XCConfigurationList;
			buildConfigurations = (
				0C3455562264CFB500386E49 /* Debug */,
				0C3455572264CFB500386E49 /* Release */,
			);
			defaultConfigurationIsVisible = 0;
			defaultConfigurationName = Release;
		};
/* End XCConfigurationList section */
	};
	rootObject = 0C34551F2264CFB300386E49 /* Project object */;
}
